{
  "name": "my-workspace",
  "lockfileVersion": 3,
  "requires": true,
  "packages": {
    "": {
      "name": "my-workspace",
      "workspaces": [
        "packages/*"
      ]
    },
    "node_modules/ansi-regex": {
      "version": "3.0.0",
      "resolved": "https://registry.npmjs.org/ansi-regex/-/ansi-regex-3.0.0.tgz",
      "integrity": "sha512-wFUFA5bg5dviipbQQ32yOQhl6gcJaJXiHE7dvR8VYPG97+J/GNC5FKGepKdEDUFeXRzDxPF1X/Btc8L+v7oqIQ==",
      "license": "MIT",
      "engines": {
        "node": ">=4"
      }
    },
    "node_modules/lodash": {
      "version": "4.17.21",
      "resolved": "https://registry.npmjs.org/lodash/-/lodash-4.17.21.tgz",
      "integrity": "sha512-v2kDEe57lecTulaDIuNTPy3Ry4gLGJ6Z1O3vE1krgXZNrsQ+LFTGHVxVjcXPs17LhbZVGedAJv8XZ1tvj5FvSg==",
      "license": "MIT"
    },
    "node_modules/project-a": {
      "resolved": "packages/project-a",
      "link": true
    },
    "node_modules/project-b": {
      "resolved": "packages/project-b",
      "link": true
    },
    "node_modules/shared-lib": {
      "resolved": "packages/shared-lib",
      "link": true
    },
    "packages/project-a": {
      "version": "1.0.0",
      "dependencies": {
        "ansi-regex": "^3.0.0",
        "lodash": "^4.17.21",
        "shared-lib": "^1.0.0"
      }
    },
    "packages/project-b": {
      "version": "1.0.0",
      "dependencies": {
        "shared-lib": "^1.0.0"
      }
    },
    "packages/shared-lib": {
      "version": "1.0.0"
    }
  }
}
